# THIS IS AN AUTOGENERATED FILE. DO NOT EDIT THIS FILE DIRECTLY.
# yarn lockfile v1


vue-router@^3.4.4:
  version "3.4.4"
  resolved "https://registry.yarnpkg.com/vue-router/-/vue-router-3.4.4.tgz#ad0c27f6353107ed527afa3afc5da69ce3ea3841"
  integrity sha512-qFfwwLvxUYq+iDJ0UoE8HMnuZEDtIDA+p573brVMb7NZr0t1vhMeMWDTvgF2b8MqAFOc77bNOTSSwYcR4pCZlg==
